
Microsoft Visual Studio Solution File, Format Version 12.00
# Visual Studio Version 17
VisualStudioVersion = 17.8.34330.188
MinimumVisualStudioVersion = 10.0.40219.1
Project("{8BC9CEB8-8B4A-11D0-8D11-00A0C91BC942}") = "Program", "Program.vcxproj", "{F336BB51-41B6-43B2-8823-CEE246B8831E}"
EndProject
Project("{8BC9CEB8-8B4A-11D0-8D11-00A0C91BC942}") = "Class1th (Variable)", "..\Class1th (Variable)\Class1th (Variable).vcxproj", "{B517F72D-84CE-45E6-9F54-5D3FC222F2F7}"
EndProject
Project("{8BC9CEB8-8B4A-11D0-8D11-00A0C91BC942}") = "Class2th (Constant)", "..\Class2th (Constant)\Class2th (Constant).vcxproj", "{1A7C607F-4117-49B5-BA34-BB75610C616F}"
EndProject
Project("{8BC9CEB8-8B4A-11D0-8D11-00A0C91BC942}") = "Class3th (Bit)", "..\Class3th (Bit)\Class3th (Bit).vcxproj", "{1F8B8219-F753-4E19-9A0D-AAA6B7453F2A}"
EndProject
Project("{8BC9CEB8-8B4A-11D0-8D11-00A0C91BC942}") = "Class4th (Overflow & Underflow)", "..\Class4th (Overflow & Underflow)\Class4th (Overflow & Underflow).vcxproj", "{3F46FD66-EE7F-470D-A80A-8F6263FEA9FB}"
EndProject
Project("{8BC9CEB8-8B4A-11D0-8D11-00A0C91BC942}") = "Class5th (Conditional Statement)", "..\Class5th (Conditional Statement)\Class5th (Conditional Statement).vcxproj", "{A2BF28A1-0F7A-4C30-ABD2-992E2DCB4C28}"
EndProject
Project("{8BC9CEB8-8B4A-11D0-8D11-00A0C91BC942}") = "Class6th (Iteration Statement)", "..\Class6th (Iteration Statement)\Class6th (Iteration Statement).vcxproj", "{086CFD83-3854-4E0D-9286-E577BACD13C8}"
EndProject
Project("{8BC9CEB8-8B4A-11D0-8D11-00A0C91BC942}") = "Class7th (TypeConvention)", "..\Class7th (TypeConvention)\Class7th (TypeConvention).vcxproj", "{8C43F0C6-21DB-49C2-863A-F70B4FEAF81C}"
EndProject
Project("{8BC9CEB8-8B4A-11D0-8D11-00A0C91BC942}") = "Class8th (Pointer)", "..\Class8th (Pointer)\Class8th (Pointer).vcxproj", "{4473467C-32AE-4350-94D9-4DD6202A9133}"
EndProject
Project("{8BC9CEB8-8B4A-11D0-8D11-00A0C91BC942}") = "Class9th (Arragement)", "..\Class9th (Arragement)\Class9th (Arragement).vcxproj", "{7C42CB22-C349-4B96-B5A7-48B01AF1DA4D}"
EndProject
Project("{8BC9CEB8-8B4A-11D0-8D11-00A0C91BC942}") = "Class10th (String)", "..\Class10th (String)\Class10th (String).vcxproj", "{28DEE4E4-ED02-4D14-A4C9-D9AAB88C6439}"
EndProject
Project("{8BC9CEB8-8B4A-11D0-8D11-00A0C91BC942}") = "Class11th (Function)", "..\Class11th (Function)\Class11th (Function).vcxproj", "{75F90721-5C9C-43B3-984A-F82918E74CFB}"
EndProject
Project("{8BC9CEB8-8B4A-11D0-8D11-00A0C91BC942}") = "Class12th (Recursive Function)", "..\Class12th (Recursive Function)\Class12th (Recursive Function).vcxproj", "{B41E3CFF-8D1F-45F6-8ADF-0DA4E61D4B9F}"
EndProject
Project("{8BC9CEB8-8B4A-11D0-8D11-00A0C91BC942}") = "Class13th (Variable Scope)", "..\Class13th (Variable Scope)\Class13th (Variable Scope).vcxproj", "{0D753152-A0CE-4135-BE36-27A69794E344}"
EndProject
Global
	GlobalSection(SolutionConfigurationPlatforms) = preSolution
		Debug|x64 = Debug|x64
		Debug|x86 = Debug|x86
		Release|x64 = Release|x64
		Release|x86 = Release|x86
	EndGlobalSection
	GlobalSection(ProjectConfigurationPlatforms) = postSolution
		{F336BB51-41B6-43B2-8823-CEE246B8831E}.Debug|x64.ActiveCfg = Debug|x64
		{F336BB51-41B6-43B2-8823-CEE246B8831E}.Debug|x64.Build.0 = Debug|x64
		{F336BB51-41B6-43B2-8823-CEE246B8831E}.Debug|x86.ActiveCfg = Debug|Win32
		{F336BB51-41B6-43B2-8823-CEE246B8831E}.Debug|x86.Build.0 = Debug|Win32
		{F336BB51-41B6-43B2-8823-CEE246B8831E}.Release|x64.ActiveCfg = Release|x64
		{F336BB51-41B6-43B2-8823-CEE246B8831E}.Release|x64.Build.0 = Release|x64
		{F336BB51-41B6-43B2-8823-CEE246B8831E}.Release|x86.ActiveCfg = Release|Win32
		{F336BB51-41B6-43B2-8823-CEE246B8831E}.Release|x86.Build.0 = Release|Win32
		{B517F72D-84CE-45E6-9F54-5D3FC222F2F7}.Debug|x64.ActiveCfg = Debug|x64
		{B517F72D-84CE-45E6-9F54-5D3FC222F2F7}.Debug|x64.Build.0 = Debug|x64
		{B517F72D-84CE-45E6-9F54-5D3FC222F2F7}.Debug|x86.ActiveCfg = Debug|Win32
		{B517F72D-84CE-45E6-9F54-5D3FC222F2F7}.Debug|x86.Build.0 = Debug|Win32
		{B517F72D-84CE-45E6-9F54-5D3FC222F2F7}.Release|x64.ActiveCfg = Release|x64
		{B517F72D-84CE-45E6-9F54-5D3FC222F2F7}.Release|x64.Build.0 = Release|x64
		{B517F72D-84CE-45E6-9F54-5D3FC222F2F7}.Release|x86.ActiveCfg = Release|Win32
		{B517F72D-84CE-45E6-9F54-5D3FC222F2F7}.Release|x86.Build.0 = Release|Win32
		{1A7C607F-4117-49B5-BA34-BB75610C616F}.Debug|x64.ActiveCfg = Debug|x64
		{1A7C607F-4117-49B5-BA34-BB75610C616F}.Debug|x64.Build.0 = Debug|x64
		{1A7C607F-4117-49B5-BA34-BB75610C616F}.Debug|x86.ActiveCfg = Debug|Win32
		{1A7C607F-4117-49B5-BA34-BB75610C616F}.Debug|x86.Build.0 = Debug|Win32
		{1A7C607F-4117-49B5-BA34-BB75610C616F}.Release|x64.ActiveCfg = Release|x64
		{1A7C607F-4117-49B5-BA34-BB75610C616F}.Release|x64.Build.0 = Release|x64
		{1A7C607F-4117-49B5-BA34-BB75610C616F}.Release|x86.ActiveCfg = Release|Win32
		{1A7C607F-4117-49B5-BA34-BB75610C616F}.Release|x86.Build.0 = Release|Win32
		{1F8B8219-F753-4E19-9A0D-AAA6B7453F2A}.Debug|x64.ActiveCfg = Debug|x64
		{1F8B8219-F753-4E19-9A0D-AAA6B7453F2A}.Debug|x64.Build.0 = Debug|x64
		{1F8B8219-F753-4E19-9A0D-AAA6B7453F2A}.Debug|x86.ActiveCfg = Debug|Win32
		{1F8B8219-F753-4E19-9A0D-AAA6B7453F2A}.Debug|x86.Build.0 = Debug|Win32
		{1F8B8219-F753-4E19-9A0D-AAA6B7453F2A}.Release|x64.ActiveCfg = Release|x64
		{1F8B8219-F753-4E19-9A0D-AAA6B7453F2A}.Release|x64.Build.0 = Release|x64
		{1F8B8219-F753-4E19-9A0D-AAA6B7453F2A}.Release|x86.ActiveCfg = Release|Win32
		{1F8B8219-F753-4E19-9A0D-AAA6B7453F2A}.Release|x86.Build.0 = Release|Win32
		{3F46FD66-EE7F-470D-A80A-8F6263FEA9FB}.Debug|x64.ActiveCfg = Debug|x64
		{3F46FD66-EE7F-470D-A80A-8F6263FEA9FB}.Debug|x64.Build.0 = Debug|x64
		{3F46FD66-EE7F-470D-A80A-8F6263FEA9FB}.Debug|x86.ActiveCfg = Debug|Win32
		{3F46FD66-EE7F-470D-A80A-8F6263FEA9FB}.Debug|x86.Build.0 = Debug|Win32
		{3F46FD66-EE7F-470D-A80A-8F6263FEA9FB}.Release|x64.ActiveCfg = Release|x64
		{3F46FD66-EE7F-470D-A80A-8F6263FEA9FB}.Release|x64.Build.0 = Release|x64
		{3F46FD66-EE7F-470D-A80A-8F6263FEA9FB}.Release|x86.ActiveCfg = Release|Win32
		{3F46FD66-EE7F-470D-A80A-8F6263FEA9FB}.Release|x86.Build.0 = Release|Win32
		{A2BF28A1-0F7A-4C30-ABD2-992E2DCB4C28}.Debug|x64.ActiveCfg = Debug|x64
		{A2BF28A1-0F7A-4C30-ABD2-992E2DCB4C28}.Debug|x64.Build.0 = Debug|x64
		{A2BF28A1-0F7A-4C30-ABD2-992E2DCB4C28}.Debug|x86.ActiveCfg = Debug|Win32
		{A2BF28A1-0F7A-4C30-ABD2-992E2DCB4C28}.Debug|x86.Build.0 = Debug|Win32
		{A2BF28A1-0F7A-4C30-ABD2-992E2DCB4C28}.Release|x64.ActiveCfg = Release|x64
		{A2BF28A1-0F7A-4C30-ABD2-992E2DCB4C28}.Release|x64.Build.0 = Release|x64
		{A2BF28A1-0F7A-4C30-ABD2-992E2DCB4C28}.Release|x86.ActiveCfg = Release|Win32
		{A2BF28A1-0F7A-4C30-ABD2-992E2DCB4C28}.Release|x86.Build.0 = Release|Win32
		{086CFD83-3854-4E0D-9286-E577BACD13C8}.Debug|x64.ActiveCfg = Debug|x64
		{086CFD83-3854-4E0D-9286-E577BACD13C8}.Debug|x64.Build.0 = Debug|x64
		{086CFD83-3854-4E0D-9286-E577BACD13C8}.Debug|x86.ActiveCfg = Debug|Win32
		{086CFD83-3854-4E0D-9286-E577BACD13C8}.Debug|x86.Build.0 = Debug|Win32
		{086CFD83-3854-4E0D-9286-E577BACD13C8}.Release|x64.ActiveCfg = Release|x64
		{086CFD83-3854-4E0D-9286-E577BACD13C8}.Release|x64.Build.0 = Release|x64
		{086CFD83-3854-4E0D-9286-E577BACD13C8}.Release|x86.ActiveCfg = Release|Win32
		{086CFD83-3854-4E0D-9286-E577BACD13C8}.Release|x86.Build.0 = Release|Win32
		{8C43F0C6-21DB-49C2-863A-F70B4FEAF81C}.Debug|x64.ActiveCfg = Debug|x64
		{8C43F0C6-21DB-49C2-863A-F70B4FEAF81C}.Debug|x64.Build.0 = Debug|x64
		{8C43F0C6-21DB-49C2-863A-F70B4FEAF81C}.Debug|x86.ActiveCfg = Debug|Win32
		{8C43F0C6-21DB-49C2-863A-F70B4FEAF81C}.Debug|x86.Build.0 = Debug|Win32
		{8C43F0C6-21DB-49C2-863A-F70B4FEAF81C}.Release|x64.ActiveCfg = Release|x64
		{8C43F0C6-21DB-49C2-863A-F70B4FEAF81C}.Release|x64.Build.0 = Release|x64
		{8C43F0C6-21DB-49C2-863A-F70B4FEAF81C}.Release|x86.ActiveCfg = Release|Win32
		{8C43F0C6-21DB-49C2-863A-F70B4FEAF81C}.Release|x86.Build.0 = Release|Win32
		{4473467C-32AE-4350-94D9-4DD6202A9133}.Debug|x64.ActiveCfg = Debug|x64
		{4473467C-32AE-4350-94D9-4DD6202A9133}.Debug|x64.Build.0 = Debug|x64
		{4473467C-32AE-4350-94D9-4DD6202A9133}.Debug|x86.ActiveCfg = Debug|Win32
		{4473467C-32AE-4350-94D9-4DD6202A9133}.Debug|x86.Build.0 = Debug|Win32
		{4473467C-32AE-4350-94D9-4DD6202A9133}.Release|x64.ActiveCfg = Release|x64
		{4473467C-32AE-4350-94D9-4DD6202A9133}.Release|x64.Build.0 = Release|x64
		{4473467C-32AE-4350-94D9-4DD6202A9133}.Release|x86.ActiveCfg = Release|Win32
		{4473467C-32AE-4350-94D9-4DD6202A9133}.Release|x86.Build.0 = Release|Win32
		{7C42CB22-C349-4B96-B5A7-48B01AF1DA4D}.Debug|x64.ActiveCfg = Debug|x64
		{7C42CB22-C349-4B96-B5A7-48B01AF1DA4D}.Debug|x64.Build.0 = Debug|x64
		{7C42CB22-C349-4B96-B5A7-48B01AF1DA4D}.Debug|x86.ActiveCfg = Debug|Win32
		{7C42CB22-C349-4B96-B5A7-48B01AF1DA4D}.Debug|x86.Build.0 = Debug|Win32
		{7C42CB22-C349-4B96-B5A7-48B01AF1DA4D}.Release|x64.ActiveCfg = Release|x64
		{7C42CB22-C349-4B96-B5A7-48B01AF1DA4D}.Release|x64.Build.0 = Release|x64
		{7C42CB22-C349-4B96-B5A7-48B01AF1DA4D}.Release|x86.ActiveCfg = Release|Win32
		{7C42CB22-C349-4B96-B5A7-48B01AF1DA4D}.Release|x86.Build.0 = Release|Win32
		{28DEE4E4-ED02-4D14-A4C9-D9AAB88C6439}.Debug|x64.ActiveCfg = Debug|x64
		{28DEE4E4-ED02-4D14-A4C9-D9AAB88C6439}.Debug|x64.Build.0 = Debug|x64
		{28DEE4E4-ED02-4D14-A4C9-D9AAB88C6439}.Debug|x86.ActiveCfg = Debug|Win32
		{28DEE4E4-ED02-4D14-A4C9-D9AAB88C6439}.Debug|x86.Build.0 = Debug|Win32
		{28DEE4E4-ED02-4D14-A4C9-D9AAB88C6439}.Release|x64.ActiveCfg = Release|x64
		{28DEE4E4-ED02-4D14-A4C9-D9AAB88C6439}.Release|x64.Build.0 = Release|x64
		{28DEE4E4-ED02-4D14-A4C9-D9AAB88C6439}.Release|x86.ActiveCfg = Release|Win32
		{28DEE4E4-ED02-4D14-A4C9-D9AAB88C6439}.Release|x86.Build.0 = Release|Win32
		{75F90721-5C9C-43B3-984A-F82918E74CFB}.Debug|x64.ActiveCfg = Debug|x64
		{75F90721-5C9C-43B3-984A-F82918E74CFB}.Debug|x64.Build.0 = Debug|x64
		{75F90721-5C9C-43B3-984A-F82918E74CFB}.Debug|x86.ActiveCfg = Debug|Win32
		{75F90721-5C9C-43B3-984A-F82918E74CFB}.Debug|x86.Build.0 = Debug|Win32
		{75F90721-5C9C-43B3-984A-F82918E74CFB}.Release|x64.ActiveCfg = Release|x64
		{75F90721-5C9C-43B3-984A-F82918E74CFB}.Release|x64.Build.0 = Release|x64
		{75F90721-5C9C-43B3-984A-F82918E74CFB}.Release|x86.ActiveCfg = Release|Win32
		{75F90721-5C9C-43B3-984A-F82918E74CFB}.Release|x86.Build.0 = Release|Win32
		{B41E3CFF-8D1F-45F6-8ADF-0DA4E61D4B9F}.Debug|x64.ActiveCfg = Debug|x64
		{B41E3CFF-8D1F-45F6-8ADF-0DA4E61D4B9F}.Debug|x64.Build.0 = Debug|x64
		{B41E3CFF-8D1F-45F6-8ADF-0DA4E61D4B9F}.Debug|x86.ActiveCfg = Debug|Win32
		{B41E3CFF-8D1F-45F6-8ADF-0DA4E61D4B9F}.Debug|x86.Build.0 = Debug|Win32
		{B41E3CFF-8D1F-45F6-8ADF-0DA4E61D4B9F}.Release|x64.ActiveCfg = Release|x64
		{B41E3CFF-8D1F-45F6-8ADF-0DA4E61D4B9F}.Release|x64.Build.0 = Release|x64
		{B41E3CFF-8D1F-45F6-8ADF-0DA4E61D4B9F}.Release|x86.ActiveCfg = Release|Win32
		{B41E3CFF-8D1F-45F6-8ADF-0DA4E61D4B9F}.Release|x86.Build.0 = Release|Win32
		{0D753152-A0CE-4135-BE36-27A69794E344}.Debug|x64.ActiveCfg = Debug|x64
		{0D753152-A0CE-4135-BE36-27A69794E344}.Debug|x64.Build.0 = Debug|x64
		{0D753152-A0CE-4135-BE36-27A69794E344}.Debug|x86.ActiveCfg = Debug|Win32
		{0D753152-A0CE-4135-BE36-27A69794E344}.Debug|x86.Build.0 = Debug|Win32
		{0D753152-A0CE-4135-BE36-27A69794E344}.Release|x64.ActiveCfg = Release|x64
		{0D753152-A0CE-4135-BE36-27A69794E344}.Release|x64.Build.0 = Release|x64
		{0D753152-A0CE-4135-BE36-27A69794E344}.Release|x86.ActiveCfg = Release|Win32
		{0D753152-A0CE-4135-BE36-27A69794E344}.Release|x86.Build.0 = Release|Win32
	EndGlobalSection
	GlobalSection(SolutionProperties) = preSolution
		HideSolutionNode = FALSE
	EndGlobalSection
	GlobalSection(ExtensibilityGlobals) = postSolution
		SolutionGuid = {707F5FD9-C0EB-4A54-8F3A-5594C26639E9}
	EndGlobalSection
EndGlobal
